
Microsoft Visual Studio Solution File, Format Version 12.00
# Visual Studio Version 16
VisualStudioVersion = 16.0.30114.105
MinimumVisualStudioVersion = 10.0.40219.1
Project("{FAE04EC0-301F-11D3-BF4B-00C04F79EFBC}") = "BlazorFluentValidation", "BlazorFluentValidation\BlazorFluentValidation.csproj", "{3108DC56-B805-4258-9FFB-6C6DB064E970}"
EndProject
Global
	GlobalSection(SolutionConfigurationPlatforms) = preSolution
		Debug|Any CPU = Debug|Any CPU
		Release|Any CPU = Release|Any CPU
	EndGlobalSection
	GlobalSection(ProjectConfigurationPlatforms) = postSolution
		{3108DC56-B805-4258-9FFB-6C6DB064E970}.Debug|Any CPU.ActiveCfg = Debug|Any CPU
		{3108DC56-B805-4258-9FFB-6C6DB064E970}.Debug|Any CPU.Build.0 = Debug|Any CPU
		{3108DC56-B805-4258-9FFB-6C6DB064E970}.Release|Any CPU.ActiveCfg = Release|Any CPU
		{3108DC56-B805-4258-9FFB-6C6DB064E970}.Release|Any CPU.Build.0 = Release|Any CPU
	EndGlobalSection
	GlobalSection(SolutionProperties) = preSolution
		HideSolutionNode = FALSE
	EndGlobalSection
	GlobalSection(ExtensibilityGlobals) = postSolution
		SolutionGuid = {33DE1BDA-534A-496A-BB0E-9D32DE11F734}
	EndGlobalSection
EndGlobal
